
Microsoft Visual Studio Solution File, Format Version 12.00
# Visual Studio Version 17
VisualStudioVersion = 17.8.34525.116
MinimumVisualStudioVersion = 10.0.40219.1
Project("{FAE04EC0-301F-11D3-BF4B-00C04F79EFBC}") = "Desafio.Filmes", "Desafio.Filmes\Desafio.Filmes.csproj", "{DC3DC32D-DB7A-40B5-AA6A-44761E16026E}"
EndProject
Global
	GlobalSection(SolutionConfigurationPlatforms) = preSolution
		Debug|Any CPU = Debug|Any CPU
		Release|Any CPU = Release|Any CPU
	EndGlobalSection
	GlobalSection(ProjectConfigurationPlatforms) = postSolution
		{DC3DC32D-DB7A-40B5-AA6A-44761E16026E}.Debug|Any CPU.ActiveCfg = Debug|Any CPU
		{DC3DC32D-DB7A-40B5-AA6A-44761E16026E}.Debug|Any CPU.Build.0 = Debug|Any CPU
		{DC3DC32D-DB7A-40B5-AA6A-44761E16026E}.Release|Any CPU.ActiveCfg = Release|Any CPU
		{DC3DC32D-DB7A-40B5-AA6A-44761E16026E}.Release|Any CPU.Build.0 = Release|Any CPU
	EndGlobalSection
	GlobalSection(SolutionProperties) = preSolution
		HideSolutionNode = FALSE
	EndGlobalSection
	GlobalSection(ExtensibilityGlobals) = postSolution
		SolutionGuid = {B957BE55-572A-4E17-B800-050546602C64}
	EndGlobalSection
EndGlobal
